
Microsoft Visual Studio Solution File, Format Version 12.00
# Visual Studio Version 17
VisualStudioVersion = 17.4.33122.133
MinimumVisualStudioVersion = 10.0.40219.1
Project("{FAE04EC0-301F-11D3-BF4B-00C04F79EFBC}") = "buildappGitHub", "buildappGitHub\buildappGitHub.csproj", "{D4BFF2D6-97B7-4487-9772-BB9DD4D2C2E6}"
EndProject
Global
	GlobalSection(SolutionConfigurationPlatforms) = preSolution
		Debug|Any CPU = Debug|Any CPU
		Release|Any CPU = Release|Any CPU
	EndGlobalSection
	GlobalSection(ProjectConfigurationPlatforms) = postSolution
		{D4BFF2D6-97B7-4487-9772-BB9DD4D2C2E6}.Debug|Any CPU.ActiveCfg = Debug|Any CPU
		{D4BFF2D6-97B7-4487-9772-BB9DD4D2C2E6}.Debug|Any CPU.Build.0 = Debug|Any CPU
		{D4BFF2D6-97B7-4487-9772-BB9DD4D2C2E6}.Release|Any CPU.ActiveCfg = Release|Any CPU
		{D4BFF2D6-97B7-4487-9772-BB9DD4D2C2E6}.Release|Any CPU.Build.0 = Release|Any CPU
	EndGlobalSection
	GlobalSection(SolutionProperties) = preSolution
		HideSolutionNode = FALSE
	EndGlobalSection
	GlobalSection(ExtensibilityGlobals) = postSolution
		SolutionGuid = {B414934D-7D80-449F-9568-597D4561B6F1}
	EndGlobalSection
EndGlobal
